lockfileVersion: '6.0'

settings:
  autoInstallPeers: true
  excludeLinksFromLockfile: false

dependencies:
  '@prisma/client':
    specifier: ^5.19.0
    version: 5.19.0(prisma@5.19.0)
  kafkajs:
    specifier: ^2.2.4
    version: 2.2.4
  pg:
    specifier: ^8.12.0
    version: 8.12.0
  prisma:
    specifier: ^5.19.0
    version: 5.19.0

packages:

  /@prisma/client@5.19.0(prisma@5.19.0):
    resolution: {integrity: sha512-CzOpau+q1kEWQyoQMvlnXIHqPvwmWbh48xZ4n8KWbAql0p8PC0BIgSTYW5ncxXa4JSEff0tcoxSZB874wDstdg==}
    engines: {node: '>=16.13'}
    requiresBuild: true
    peerDependencies:
      prisma: '*'
    peerDependenciesMeta:
      prisma:
        optional: true
    dependencies:
      prisma: 5.19.0
    dev: false

  /@prisma/debug@5.19.0:
    resolution: {integrity: sha512-+b/G0ubAZlrS+JSiDhXnYV5DF/aTJ3pinktkiV/L4TtLRLZO6SVGyFELgxBsicCTWJ2ZMu5vEV/jTtYCdjFTRA==}
    dev: false

  /@prisma/engines-version@5.19.0-31.5fe21811a6ba0b952a3bc71400666511fe3b902f:
    resolution: {integrity: sha512-GimI9aZIFy/yvvR11KfXRn3pliFn1QAkdebVlsXlnoh5uk0YhLblVmeYiHfsu+wDA7BeKqYT4sFfzg8mutzuWw==}
    dev: false

  /@prisma/engines@5.19.0:
    resolution: {integrity: sha512-UtW+0m4HYoRSSR3LoDGKF3Ud4BSMWYlLEt4slTnuP1mI+vrV3zaDoiAPmejdAT76vCN5UqnWURbkXxf66nSylQ==}
    requiresBuild: true
    dependencies:
      '@prisma/debug': 5.19.0
      '@prisma/engines-version': 5.19.0-31.5fe21811a6ba0b952a3bc71400666511fe3b902f
      '@prisma/fetch-engine': 5.19.0
      '@prisma/get-platform': 5.19.0
    dev: false

  /@prisma/fetch-engine@5.19.0:
    resolution: {integrity: sha512-oOiPNtmJX0cP/ebu7BBEouJvCw8T84/MFD/Hf2zlqjxkK4ojl38bB9i9J5LAxotL6WlYVThKdxc7HqoWnPOhqQ==}
    dependencies:
      '@prisma/debug': 5.19.0
      '@prisma/engines-version': 5.19.0-31.5fe21811a6ba0b952a3bc71400666511fe3b902f
      '@prisma/get-platform': 5.19.0
    dev: false

  /@prisma/get-platform@5.19.0:
    resolution: {integrity: sha512-s9DWkZKnuP4Y8uy6yZfvqQ/9X3/+2KYf3IZUVZz5OstJdGBJrBlbmIuMl81917wp5TuK/1k2TpHNCEdpYLPKmg==}
    dependencies:
      '@prisma/debug': 5.19.0
    dev: false

  /fsevents@2.3.3:
    resolution: {integrity: sha512-5xoDfX+fL7faATnagmWPpbFtwh/R77WmMMqqHGS65C3vvB0YHrgF+B1YmZ3441tMj5n63k0212XNoJwzlhffQw==}
    engines: {node: ^8.16.0 || ^10.6.0 || >=11.0.0}
    os: [darwin]
    requiresBuild: true
    dev: false
    optional: true

  /kafkajs@2.2.4:
    resolution: {integrity: sha512-j/YeapB1vfPT2iOIUn/vxdyKEuhuY2PxMBvf5JWux6iSaukAccrMtXEY/Lb7OvavDhOWME589bpLrEdnVHjfjA==}
    engines: {node: '>=14.0.0'}
    dev: false

  /pg-cloudflare@1.1.1:
    resolution: {integrity: sha512-xWPagP/4B6BgFO+EKz3JONXv3YDgvkbVrGw2mTo3D6tVDQRh1e7cqVGvyR3BE+eQgAvx1XhW/iEASj4/jCWl3Q==}
    requiresBuild: true
    dev: false
    optional: true

  /pg-connection-string@2.6.4:
    resolution: {integrity: sha512-v+Z7W/0EO707aNMaAEfiGnGL9sxxumwLl2fJvCQtMn9Fxsg+lPpPkdcyBSv/KFgpGdYkMfn+EI1Or2EHjpgLCA==}
    dev: false

  /pg-int8@1.0.1:
    resolution: {integrity: sha512-WCtabS6t3c8SkpDBUlb1kjOs7l66xsGdKpIPZsg4wR+B3+u9UAum2odSsF9tnvxg80h4ZxLWMy4pRjOsFIqQpw==}
    engines: {node: '>=4.0.0'}
    dev: false

  /pg-pool@3.6.2(pg@8.12.0):
    resolution: {integrity: sha512-Htjbg8BlwXqSBQ9V8Vjtc+vzf/6fVUuak/3/XXKA9oxZprwW3IMDQTGHP+KDmVL7rtd+R1QjbnCFPuTHm3G4hg==}
    peerDependencies:
      pg: '>=8.0'
    dependencies:
      pg: 8.12.0
    dev: false

  /pg-protocol@1.6.1:
    resolution: {integrity: sha512-jPIlvgoD63hrEuihvIg+tJhoGjUsLPn6poJY9N5CnlPd91c2T18T/9zBtLxZSb1EhYxBRoZJtzScCaWlYLtktg==}
    dev: false

  /pg-types@2.2.0:
    resolution: {integrity: sha512-qTAAlrEsl8s4OiEQY69wDvcMIdQN6wdz5ojQiOy6YRMuynxenON0O5oCpJI6lshc6scgAY8qvJ2On/p+CXY0GA==}
    engines: {node: '>=4'}
    dependencies:
      pg-int8: 1.0.1
      postgres-array: 2.0.0
      postgres-bytea: 1.0.0
      postgres-date: 1.0.7
      postgres-interval: 1.2.0
    dev: false

  /pg@8.12.0:
    resolution: {integrity: sha512-A+LHUSnwnxrnL/tZ+OLfqR1SxLN3c/pgDztZ47Rpbsd4jUytsTtwQo/TLPRzPJMp/1pbhYVhH9cuSZLAajNfjQ==}
    engines: {node: '>= 8.0.0'}
    peerDependencies:
      pg-native: '>=3.0.1'
    peerDependenciesMeta:
      pg-native:
        optional: true
    dependencies:
      pg-connection-string: 2.6.4
      pg-pool: 3.6.2(pg@8.12.0)
      pg-protocol: 1.6.1
      pg-types: 2.2.0
      pgpass: 1.0.5
    optionalDependencies:
      pg-cloudflare: 1.1.1
    dev: false

  /pgpass@1.0.5:
    resolution: {integrity: sha512-FdW9r/jQZhSeohs1Z3sI1yxFQNFvMcnmfuj4WBMUTxOrAyLMaTcE1aAMBiTlbMNaXvBCQuVi0R7hd8udDSP7ug==}
    dependencies:
      split2: 4.2.0
    dev: false

  /postgres-array@2.0.0:
    resolution: {integrity: sha512-VpZrUqU5A69eQyW2c5CA1jtLecCsN2U/bD6VilrFDWq5+5UIEVO7nazS3TEcHf1zuPYO/sqGvUvW62g86RXZuA==}
    engines: {node: '>=4'}
    dev: false

  /postgres-bytea@1.0.0:
    resolution: {integrity: sha512-xy3pmLuQqRBZBXDULy7KbaitYqLcmxigw14Q5sj8QBVLqEwXfeybIKVWiqAXTlcvdvb0+xkOtDbfQMOf4lST1w==}
    engines: {node: '>=0.10.0'}
    dev: false

  /postgres-date@1.0.7:
    resolution: {integrity: sha512-suDmjLVQg78nMK2UZ454hAG+OAW+HQPZ6n++TNDUX+L0+uUlLywnoxJKDou51Zm+zTCjrCl0Nq6J9C5hP9vK/Q==}
    engines: {node: '>=0.10.0'}
    dev: false

  /postgres-interval@1.2.0:
    resolution: {integrity: sha512-9ZhXKM/rw350N1ovuWHbGxnGh/SNJ4cnxHiM0rxE4VN41wsg8P8zWn9hv/buK00RP4WvlOyr/RBDiptyxVbkZQ==}
    engines: {node: '>=0.10.0'}
    dependencies:
      xtend: 4.0.2
    dev: false

  /prisma@5.19.0:
    resolution: {integrity: sha512-Pu7lUKpVyTx8cVwM26dYh8NdvMOkMnJXzE8L6cikFuR4JwyMU5NKofQkWyxJKlTT4fNjmcnibTvklV8oVMrn+g==}
    engines: {node: '>=16.13'}
    hasBin: true
    requiresBuild: true
    dependencies:
      '@prisma/engines': 5.19.0
    optionalDependencies:
      fsevents: 2.3.3
    dev: false

  /split2@4.2.0:
    resolution: {integrity: sha512-UcjcJOWknrNkF6PLX83qcHM6KHgVKNkV62Y8a5uYDVv9ydGQVwAHMKqHdJje1VTWpljG0WYpCDhrCdAOYH4TWg==}
    engines: {node: '>= 10.x'}
    dev: false

  /xtend@4.0.2:
    resolution: {integrity: sha512-LKYU1iAXJXUgAXn9URjiu+MWhyUXHsvfp7mcuYm9dSUKK0/CjtrUwFAxD82/mCWbtLsGjFIad0wIsod4zrTAEQ==}
    engines: {node: '>=0.4'}
    dev: false
